
Microsoft Visual Studio Solution File, Format Version 12.00
# Visual Studio Version 17
VisualStudioVersion = 17.0.31903.59
MinimumVisualStudioVersion = 10.0.40219.1
Project("{2150E333-8FDC-42A3-9474-1A3956D46DE8}") = "Services", "Services", "{8FE15E48-65F2-4C94-AC21-8C2AC41B8847}"
EndProject
Project("{2150E333-8FDC-42A3-9474-1A3956D46DE8}") = "Catalog", "Catalog", "{95062E29-04E2-43A9-9B56-1B240F33B26B}"
EndProject
Project("{FAE04EC0-301F-11D3-BF4B-00C04F79EFBC}") = "Catalog.API", "Services\Catalog\Catalog.API\Catalog.API.csproj", "{F1F33DF2-9E94-43D1-B7ED-4F9E447F0C0C}"
EndProject
Project("{2150E333-8FDC-42A3-9474-1A3956D46DE8}") = "BuildingBlocks", "BuildingBlocks", "{9272F92F-62FE-437A-883B-A3F06122FE5D}"
EndProject
Project("{FAE04EC0-301F-11D3-BF4B-00C04F79EFBC}") = "BuildingBlocks", "BuildingBlocks\BuildingBlocks\BuildingBlocks.csproj", "{D95F1D33-9E55-41DC-8DB2-A41CEBD1E74F}"
EndProject
Global
	GlobalSection(SolutionConfigurationPlatforms) = preSolution
		Debug|Any CPU = Debug|Any CPU
		Release|Any CPU = Release|Any CPU
	EndGlobalSection
	GlobalSection(SolutionProperties) = preSolution
		HideSolutionNode = FALSE
	EndGlobalSection
	GlobalSection(ProjectConfigurationPlatforms) = postSolution
		{F1F33DF2-9E94-43D1-B7ED-4F9E447F0C0C}.Debug|Any CPU.ActiveCfg = Debug|Any CPU
		{F1F33DF2-9E94-43D1-B7ED-4F9E447F0C0C}.Debug|Any CPU.Build.0 = Debug|Any CPU
		{F1F33DF2-9E94-43D1-B7ED-4F9E447F0C0C}.Release|Any CPU.ActiveCfg = Release|Any CPU
		{F1F33DF2-9E94-43D1-B7ED-4F9E447F0C0C}.Release|Any CPU.Build.0 = Release|Any CPU
		{D95F1D33-9E55-41DC-8DB2-A41CEBD1E74F}.Debug|Any CPU.ActiveCfg = Debug|Any CPU
		{D95F1D33-9E55-41DC-8DB2-A41CEBD1E74F}.Debug|Any CPU.Build.0 = Debug|Any CPU
		{D95F1D33-9E55-41DC-8DB2-A41CEBD1E74F}.Release|Any CPU.ActiveCfg = Release|Any CPU
		{D95F1D33-9E55-41DC-8DB2-A41CEBD1E74F}.Release|Any CPU.Build.0 = Release|Any CPU
	EndGlobalSection
	GlobalSection(NestedProjects) = preSolution
		{95062E29-04E2-43A9-9B56-1B240F33B26B} = {8FE15E48-65F2-4C94-AC21-8C2AC41B8847}
		{F1F33DF2-9E94-43D1-B7ED-4F9E447F0C0C} = {95062E29-04E2-43A9-9B56-1B240F33B26B}
		{D95F1D33-9E55-41DC-8DB2-A41CEBD1E74F} = {9272F92F-62FE-437A-883B-A3F06122FE5D}
	EndGlobalSection
EndGlobal
